
Microsoft Visual Studio Solution File, Format Version 12.00
# Visual Studio Version 17
VisualStudioVersion = 17.14.36310.24
MinimumVisualStudioVersion = 10.0.40219.1
Project("{FAE04EC0-301F-11D3-BF4B-00C04F79EFBC}") = "OBridgeConnector", "OBridgeConnector.csproj", "{C71B5134-0131-4D60-87BF-6BE4D4A789B6}"
EndProject
Project("{FAE04EC0-301F-11D3-BF4B-00C04F79EFBC}") = "IntegrationTests", "..\IntegrationTests\IntegrationTests.csproj", "{77FFD076-D372-4698-A863-148EFD5F2A36}"
EndProject
Global
	GlobalSection(SolutionConfigurationPlatforms) = preSolution
		Debug|Any CPU = Debug|Any CPU
		Release|Any CPU = Release|Any CPU
	EndGlobalSection
	GlobalSection(ProjectConfigurationPlatforms) = postSolution
		{C71B5134-0131-4D60-87BF-6BE4D4A789B6}.Debug|Any CPU.ActiveCfg = Debug|Any CPU
		{C71B5134-0131-4D60-87BF-6BE4D4A789B6}.Debug|Any CPU.Build.0 = Debug|Any CPU
		{C71B5134-0131-4D60-87BF-6BE4D4A789B6}.Release|Any CPU.ActiveCfg = Release|Any CPU
		{C71B5134-0131-4D60-87BF-6BE4D4A789B6}.Release|Any CPU.Build.0 = Release|Any CPU
		{77FFD076-D372-4698-A863-148EFD5F2A36}.Debug|Any CPU.ActiveCfg = Debug|Any CPU
		{77FFD076-D372-4698-A863-148EFD5F2A36}.Debug|Any CPU.Build.0 = Debug|Any CPU
		{77FFD076-D372-4698-A863-148EFD5F2A36}.Release|Any CPU.ActiveCfg = Release|Any CPU
		{77FFD076-D372-4698-A863-148EFD5F2A36}.Release|Any CPU.Build.0 = Release|Any CPU
	EndGlobalSection
	GlobalSection(SolutionProperties) = preSolution
		HideSolutionNode = FALSE
	EndGlobalSection
	GlobalSection(ExtensibilityGlobals) = postSolution
		SolutionGuid = {639AAFF8-46D4-4C89-983D-B80B3B352490}
	EndGlobalSection
EndGlobal
